// !$*UTF8*$!
{
	archiveVersion = 1;
	classes = {
	};
	objectVersion = 46;
	objects = {

/* Begin PBXBuildFile section */
		1546366E1DCF35E700DFB8DC /* AppDelegate.swift in Sources */ = {isa = PBXBuildFile; fileRef = 1546366D1DCF35E700DFB8DC /* AppDelegate.swift */; };
		154636701DCF35E700DFB8DC /* ViewController.swift in Sources */ = {isa = PBXBuildFile; fileRef = 1546366F1DCF35E700DFB8DC /* ViewController.swift */; };
		154636731DCF35E700DFB8DC /* Main.storyboard in Resources */ = {isa = PBXBuildFile; fileRef = 154636711DCF35E700DFB8DC /* Main.storyboard */; };
		154636751DCF35E700DFB8DC /* Assets.xcassets in Resources */ = {isa = PBXBuildFile; fileRef = 154636741DCF35E700DFB8DC /* Assets.xcassets */; };
		154636781DCF35E700DFB8DC /* LaunchScreen.storyboard in Resources */ = {isa = PBXBuildFile; fileRef = 154636761DCF35E700DFB8DC /* LaunchScreen.storyboard */; };
		154636801DCF3FD100DFB8DC /* Model.swift in Sources */ = {isa = PBXBuildFile; fileRef = 1546367F1DCF3FD100DFB8DC /* Model.swift */; };
/* End PBXBuildFile section */

/* Begin PBXFileReference section */
		1546366A1DCF35E700DFB8DC /* HandyDandy.app */ = {isa = PBXFileReference; explicitFileType = wrapper.application; includeInIndex = 0; path = HandyDandy.app; sourceTree = BUILT_PRODUCTS_DIR; };
		1546366D1DCF35E700DFB8DC /* AppDelegate.swift */ = {isa = PBXFileReference; lastKnownFileType = sourcecode.swift; path = AppDelegate.swift; sourceTree = "<group>"; };
		1546366F1DCF35E700DFB8DC /* ViewController.swift */ = {isa = PBXFileReference; lastKnownFileType = sourcecode.swift; path = ViewController.swift; sourceTree = "<group>"; };
		154636721DCF35E700DFB8DC /* Base */ = {isa = PBXFileReference; lastKnownFileType = file.storyboard; name = Base; path = Base.lproj/Main.storyboard; sourceTree = "<group>"; };
		154636741DCF35E700DFB8DC /* Assets.xcassets */ = {isa = PBXFileReference; lastKnownFileType = folder.assetcatalog; path = Assets.xcassets; sourceTree = "<group>"; };
		154636771DCF35E700DFB8DC /* Base */ = {isa = PBXFileReference; lastKnownFileType = file.storyboard; name = Base; path = Base.lproj/LaunchScreen.storyboard; sourceTree = "<group>"; };
		154636791DCF35E700DFB8DC /* Info.plist */ = {isa = PBXFileReference; lastKnownFileType = text.plist.xml; path = Info.plist; sourceTree = "<group>"; };
		1546367F1DCF3FD100DFB8DC /* Model.swift */ = {isa = PBXFileReference; fileEncoding = 4; lastKnownFileType = sourcecode.swift; path = Model.swift; sourceTree = "<group>"; };
/* End PBXFileReference section */

/* Begin PBXFrameworksBuildPhase section */
		154636671DCF35E700DFB8DC /* Frameworks */ = {
			isa = PBXFrameworksBuildPhase;
			buildActionMask = 2147483647;
			files = (
			);
			runOnlyForDeploymentPostprocessing = 0;
		};
/* End PBXFrameworksBuildPhase section */

/* Begin PBXGroup section */
		154636611DCF35E700DFB8DC = {
			isa = PBXGroup;
			children = (
				1546366C1DCF35E700DFB8DC /* HandyDandy */,
				1546366B1DCF35E700DFB8DC /* Products */,
			);
			sourceTree = "<group>";
		};
		1546366B1DCF35E700DFB8DC /* Products */ = {
			isa = PBXGroup;
			children = (
				1546366A1DCF35E700DFB8DC /* HandyDandy.app */,
			);
			name = Products;
			sourceTree = "<group>";
		};
		1546366C1DCF35E700DFB8DC /* HandyDandy */ = {
			isa = PBXGroup;
			children = (
				1546366D1DCF35E700DFB8DC /* AppDelegate.swift */,
				1546366F1DCF35E700DFB8DC /* ViewController.swift */,
				154636711DCF35E700DFB8DC /* Main.storyboard */,
				154636741DCF35E700DFB8DC /* Assets.xcassets */,
				154636761DCF35E700DFB8DC /* LaunchScreen.storyboard */,
				154636791DCF35E700DFB8DC /* Info.plist */,
				1546367F1DCF3FD100DFB8DC /* Model.swift */,
			);
			path = HandyDandy;
			sourceTree = "<group>";
		};
/* End PBXGroup section */

/* Begin PBXNativeTarget section */
		154636691DCF35E700DFB8DC /* HandyDandy */ = {
			isa = PBXNativeTarget;
			buildConfigurationList = 1546367C1DCF35E700DFB8DC /* Build configuration list for PBXNativeTarget "HandyDandy" */;
			buildPhases = (
				154636661DCF35E700DFB8DC /* Sources */,
				154636671DCF35E700DFB8DC /* Frameworks */,
				154636681DCF35E700DFB8DC /* Resources */,
			);
			buildRules = (
			);
			dependencies = (
			);
			name = HandyDandy;
			productName = HandyDandy;
			productReference = 1546366A1DCF35E700DFB8DC /* HandyDandy.app */;
			productType = "com.apple.product-type.application";
		};
/* End PBXNativeTarget section */

/* Begin PBXProject section */
		154636621DCF35E700DFB8DC /* Project object */ = {
			isa = PBXProject;
			attributes = {
				LastSwiftUpdateCheck = 0810;
				LastUpgradeCheck = 0810;
				ORGANIZATIONNAME = com.yakis;
				TargetAttributes = {
					154636691DCF35E700DFB8DC = {
						CreatedOnToolsVersion = 8.1;
						DevelopmentTeam = 4WPNK427TB;
						ProvisioningStyle = Automatic;
					};
				};
			};
			buildConfigurationList = 154636651DCF35E700DFB8DC /* Build configuration list for PBXProject "HandyDandy" */;
			compatibilityVersion = "Xcode 3.2";
			developmentRegion = English;
			hasScannedForEncodings = 0;
			knownRegions = (
				en,
				Base,
			);
			mainGroup = 154636611DCF35E700DFB8DC;
			productRefGroup = 1546366B1DCF35E700DFB8DC /* Products */;
			projectDirPath = "";
			projectRoot = "";
			targets = (
				154636691DCF35E700DFB8DC /* HandyDandy */,
			);
		};
/* End PBXProject section */

/* Begin PBXResourcesBuildPhase section */
		154636681DCF35E700DFB8DC /* Resources */ = {
			isa = PBXResourcesBuildPhase;
			buildActionMask = 2147483647;
			files = (
				154636781DCF35E700DFB8DC /* LaunchScreen.storyboard in Resources */,
				154636751DCF35E700DFB8DC /* Assets.xcassets in Resources */,
				154636731DCF35E700DFB8DC /* Main.storyboard in Resources */,
			);
			runOnlyForDeploymentPostprocessing = 0;
		};
/* End PBXResourcesBuildPhase section */

/* Begin PBXSourcesBuildPhase section */
		154636661DCF35E700DFB8DC /* Sources */ = {
			isa = PBXSourcesBuildPhase;
			buildActionMask = 2147483647;
			files = (
				154636801DCF3FD100DFB8DC /* Model.swift in Sources */,
				154636701DCF35E700DFB8DC /* ViewController.swift in Sources */,
				1546366E1DCF35E700DFB8DC /* AppDelegate.swift in Sources */,
			);
			runOnlyForDeploymentPostprocessing = 0;
		};
/* End PBXSourcesBuildPhase section */

/* Begin PBXVariantGroup section */
		154636711DCF35E700DFB8DC /* Main.storyboard */ = {
			isa = PBXVariantGroup;
			children = (
				154636721DCF35E700DFB8DC /* Base */,
			);
			name = Main.storyboard;
			sourceTree = "<group>";
		};
		154636761DCF35E700DFB8DC /* LaunchScreen.storyboard */ = {
			isa = PBXVariantGroup;
			children = (
				154636771DCF35E700DFB8DC /* Base */,
			);
			name = LaunchScreen.storyboard;
			sourceTree = "<group>";
		};
/* End PBXVariantGroup section */

/* Begin XCBuildConfiguration section */
		1546367A1DCF35E700DFB8DC /* Debug */ = {
			isa = XCBuildConfiguration;
			buildSettings = {
				ALWAYS_SEARCH_USER_PATHS = NO;
				CLANG_ANALYZER_NONNULL = YES;
				CLANG_CXX_LANGUAGE_STANDARD = "gnu++0x";
				CLANG_CXX_LIBRARY = "libc++";
				CLANG_ENABLE_MODULES = YES;
				CLANG_ENABLE_OBJC_ARC = YES;
				CLANG_WARN_BOOL_CONVERSION = YES;
				CLANG_WARN_CONSTANT_CONVERSION = YES;
				CLANG_WARN_DIRECT_OBJC_ISA_USAGE = YES_ERROR;
				CLANG_WARN_DOCUMENTATION_COMMENTS = YES;
				CLANG_WARN_EMPTY_BODY = YES;
				CLANG_WARN_ENUM_CONVERSION = YES;
				CLANG_WARN_INFINITE_RECURSION = YES;
				CLANG_WARN_INT_CONVERSION = YES;
				CLANG_WARN_OBJC_ROOT_CLASS = YES_ERROR;
				CLANG_WARN_SUSPICIOUS_MOVES = YES;
				CLANG_WARN_UNREACHABLE_CODE = YES;
				CLANG_WARN__DUPLICATE_METHOD_MATCH = YES;
				"CODE_SIGN_IDENTITY[sdk=iphoneos*]" = "iPhone Developer";
				COPY_PHASE_STRIP = NO;
				DEBUG_INFORMATION_FORMAT = dwarf;
				ENABLE_STRICT_OBJC_MSGSEND = YES;
				ENABLE_TESTABILITY = YES;
				GCC_C_LANGUAGE_STANDARD = gnu99;
				GCC_DYNAMIC_NO_PIC = NO;
				GCC_NO_COMMON_BLOCKS = YES;
				GCC_OPTIMIZATION_LEVEL = 0;
				GCC_PREPROCESSOR_DEFINITIONS = (
					"DEBUG=1",
					"$(inherited)",
				);
				GCC_WARN_64_TO_32_BIT_CONVERSION = YES;
				GCC_WARN_ABOUT_RETURN_TYPE = YES_ERROR;
				GCC_WARN_UNDECLARED_SELECTOR = YES;
				GCC_WARN_UNINITIALIZED_AUTOS = YES_AGGRESSIVE;
				GCC_WARN_UNUSED_FUNCTION = YES;
				GCC_WARN_UNUSED_VARIABLE = YES;
				IPHONEOS_DEPLOYMENT_TARGET = 10.1;
				MTL_ENABLE_DEBUG_INFO = YES;
				ONLY_ACTIVE_ARCH = YES;
				SDKROOT = iphoneos;
				SWIFT_ACTIVE_COMPILATION_CONDITIONS = DEBUG;
				SWIFT_OPTIMIZATION_LEVEL = "-Onone";
			};
			name = Debug;
		};
		1546367B1DCF35E700DFB8DC /* Release */ = {
			isa = XCBuildConfiguration;
			buildSettings = {
				ALWAYS_SEARCH_USER_PATHS = NO;
				CLANG_ANALYZER_NONNULL = YES;
				CLANG_CXX_LANGUAGE_STANDARD = "gnu++0x";
				CLANG_CXX_LIBRARY = "libc++";
				CLANG_ENABLE_MODULES = YES;
				CLANG_ENABLE_OBJC_ARC = YES;
				CLANG_WARN_BOOL_CONVERSION = YES;
				CLANG_WARN_CONSTANT_CONVERSION = YES;
				CLANG_WARN_DIRECT_OBJC_ISA_USAGE = YES_ERROR;
				CLANG_WARN_DOCUMENTATION_COMMENTS = YES;
				CLANG_WARN_EMPTY_BODY = YES;
				CLANG_WARN_ENUM_CONVERSION = YES;
				CLANG_WARN_INFINITE_RECURSION = YES;
				CLANG_WARN_INT_CONVERSION = YES;
				CLANG_WARN_OBJC_ROOT_CLASS = YES_ERROR;
				CLANG_WARN_SUSPICIOUS_MOVES = YES;
				CLANG_WARN_UNREACHABLE_CODE = YES;
				CLANG_WARN__DUPLICATE_METHOD_MATCH = YES;
				"CODE_SIGN_IDENTITY[sdk=iphoneos*]" = "iPhone Developer";
				COPY_PHASE_STRIP = NO;
				DEBUG_INFORMATION_FORMAT = "dwarf-with-dsym";
				ENABLE_NS_ASSERTIONS = NO;
				ENABLE_STRICT_OBJC_MSGSEND = YES;
				GCC_C_LANGUAGE_STANDARD = gnu99;
				GCC_NO_COMMON_BLOCKS = YES;
				GCC_WARN_64_TO_32_BIT_CONVERSION = YES;
				GCC_WARN_ABOUT_RETURN_TYPE = YES_ERROR;
				GCC_WARN_UNDECLARED_SELECTOR = YES;
				GCC_WARN_UNINITIALIZED_AUTOS = YES_AGGRESSIVE;
				GCC_WARN_UNUSED_FUNCTION = YES;
				GCC_WARN_UNUSED_VARIABLE = YES;
				IPHONEOS_DEPLOYMENT_TARGET = 10.1;
				MTL_ENABLE_DEBUG_INFO = NO;
				SDKROOT = iphoneos;
				SWIFT_OPTIMIZATION_LEVEL = "-Owholemodule";
				VALIDATE_PRODUCT = YES;
			};
			name = Release;
		};
		1546367D1DCF35E700DFB8DC /* Debug */ = {
			isa = XCBuildConfiguration;
			buildSettings = {
				ASSETCATALOG_COMPILER_APPICON_NAME = AppIcon;
				DEVELOPMENT_TEAM = 4WPNK427TB;
				INFOPLIST_FILE = HandyDandy/Info.plist;
				LD_RUNPATH_SEARCH_PATHS = "$(inherited) @executable_path/Frameworks";
				PRODUCT_BUNDLE_IDENTIFIER = com.yakis.HandyDandy;
				PRODUCT_NAME = "$(TARGET_NAME)";
				SWIFT_VERSION = 3.0;
			};
			name = Debug;
		};
		1546367E1DCF35E700DFB8DC /* Release */ = {
			isa = XCBuildConfiguration;
			buildSettings = {
				ASSETCATALOG_COMPILER_APPICON_NAME = AppIcon;
				DEVELOPMENT_TEAM = 4WPNK427TB;
				INFOPLIST_FILE = HandyDandy/Info.plist;
				LD_RUNPATH_SEARCH_PATHS = "$(inherited) @executable_path/Frameworks";
				PRODUCT_BUNDLE_IDENTIFIER = com.yakis.HandyDandy;
				PRODUCT_NAME = "$(TARGET_NAME)";
				SWIFT_VERSION = 3.0;
			};
			name = Release;
		};
/* End XCBuildConfiguration section */

/* Begin XCConfigurationList section */
		154636651DCF35E700DFB8DC /* Build configuration list for PBXProject "HandyDandy" */ = {
			isa = XCConfigurationList;
			buildConfigurations = (
				1546367A1DCF35E700DFB8DC /* Debug */,
				1546367B1DCF35E700DFB8DC /* Release */,
			);
			defaultConfigurationIsVisible = 0;
			defaultConfigurationName = Release;
		};
		1546367C1DCF35E700DFB8DC /* Build configuration list for PBXNativeTarget "HandyDandy" */ = {
			isa = XCConfigurationList;
			buildConfigurations = (
				1546367D1DCF35E700DFB8DC /* Debug */,
				1546367E1DCF35E700DFB8DC /* Release */,
			);
			defaultConfigurationIsVisible = 0;
		};
/* End XCConfigurationList section */
	};
	rootObject = 154636621DCF35E700DFB8DC /* Project object */;
}
